
Microsoft Visual Studio Solution File, Format Version 12.00
# Visual Studio 15
VisualStudioVersion = 15.0.27428.2005
MinimumVisualStudioVersion = 10.0.40219.1
Project("{8BC9CEB8-8B4A-11D0-8D11-00A0C91BC942}") = "FrameTimerZero", "FrameTimerZero\FrameTimerZero.vcxitems", "{71E83BAB-A345-40F3-A5DC-8C8662183DAE}"
EndProject
Global
	GlobalSection(SolutionProperties) = preSolution
		HideSolutionNode = FALSE
	EndGlobalSection
	GlobalSection(ExtensibilityGlobals) = postSolution
		SolutionGuid = {2C369EC6-5FB3-477A-85DE-7768FF862E93}
	EndGlobalSection
EndGlobal
